// !$*UTF8*$!
{
	archiveVersion = 1;
	classes = {
	};
	objectVersion = 51;
	objects = {

/* Begin PBXBuildFile section */
		07142F63237EF4B3006021C3 /* SplashYDViewController.m in Sources */ = {isa = PBXBuildFile; fileRef = 07142F62237EF4B3006021C3 /* SplashYDViewController.m */; };
		075E9AD6237933140038E3C1 /* AppDelegate.m in Sources */ = {isa = PBXBuildFile; fileRef = 075E9AD5237933140038E3C1 /* AppDelegate.m */; };
		075E9AE1237933140038E3C1 /* Assets.xcassets in Resources */ = {isa = PBXBuildFile; fileRef = 075E9AE0237933140038E3C1 /* Assets.xcassets */; };
		075E9AE7237933140038E3C1 /* main.m in Sources */ = {isa = PBXBuildFile; fileRef = 075E9AE6237933140038E3C1 /* main.m */; };
		075E9AFC23793EB00038E3C1 /* HttpUtil.m in Sources */ = {isa = PBXBuildFile; fileRef = 075E9AFB23793EB00038E3C1 /* HttpUtil.m */; };
		075E9AFF237940F40038E3C1 /* TLResponse.m in Sources */ = {isa = PBXBuildFile; fileRef = 075E9AFE237940F40038E3C1 /* TLResponse.m */; };
		075E9B03237946C60038E3C1 /* AppDotNetAPIClient.m in Sources */ = {isa = PBXBuildFile; fileRef = 075E9B02237946C60038E3C1 /* AppDotNetAPIClient.m */; };
		075E9B07237949540038E3C1 /* LogonManager.m in Sources */ = {isa = PBXBuildFile; fileRef = 075E9B06237949540038E3C1 /* LogonManager.m */; };
		075E9B0A23794AD80038E3C1 /* TLResponseCode.m in Sources */ = {isa = PBXBuildFile; fileRef = 075E9B0923794AD80038E3C1 /* TLResponseCode.m */; };
		075E9B0E23794C3D0038E3C1 /* DateUtil.m in Sources */ = {isa = PBXBuildFile; fileRef = 075E9B0C23794C3D0038E3C1 /* DateUtil.m */; };
		075E9B1C2379D2580038E3C1 /* SplashMovieViewController.m in Sources */ = {isa = PBXBuildFile; fileRef = 075E9B1B2379D2580038E3C1 /* SplashMovieViewController.m */; };
		075E9B202379D2820038E3C1 /* TLBaseViewController.m in Sources */ = {isa = PBXBuildFile; fileRef = 075E9B1F2379D2820038E3C1 /* TLBaseViewController.m */; };
		075E9B252379D3C90038E3C1 /* UINavigationController+FDFullscreenPopGesture.m in Sources */ = {isa = PBXBuildFile; fileRef = 075E9B242379D3C90038E3C1 /* UINavigationController+FDFullscreenPopGesture.m */; };
		075E9B2C2379E0EF0038E3C1 /* splash_movie.mp4 in Resources */ = {isa = PBXBuildFile; fileRef = 075E9B2B2379E0EF0038E3C1 /* splash_movie.mp4 */; };
		079F0E7D2381857B000D00D6 /* PixelUtil.m in Sources */ = {isa = PBXBuildFile; fileRef = 079F0E7C2381857B000D00D6 /* PixelUtil.m */; };
		079F0E8123818642000D00D6 /* MBPageView.m in Sources */ = {isa = PBXBuildFile; fileRef = 079F0E7F23818642000D00D6 /* MBPageView.m */; };
		079F0E86238188C1000D00D6 /* intro_backgroung@2x.png in Resources */ = {isa = PBXBuildFile; fileRef = 079F0E84238188C1000D00D6 /* intro_backgroung@2x.png */; };
		079F0E87238188C1000D00D6 /* intro_backgroung@3x.png in Resources */ = {isa = PBXBuildFile; fileRef = 079F0E85238188C1000D00D6 /* intro_backgroung@3x.png */; };
		079F0E8A238188E0000D00D6 /* splash_icon@3x.png in Resources */ = {isa = PBXBuildFile; fileRef = 079F0E88238188E0000D00D6 /* splash_icon@3x.png */; };
		079F0E8B238188E0000D00D6 /* splash_icon@2x.png in Resources */ = {isa = PBXBuildFile; fileRef = 079F0E89238188E0000D00D6 /* splash_icon@2x.png */; };
		079F0E92238188ED000D00D6 /* iOS_Intro_A.png in Resources */ = {isa = PBXBuildFile; fileRef = 079F0E8C238188EC000D00D6 /* iOS_Intro_A.png */; };
		079F0E93238188ED000D00D6 /* iOS_Intro_D.png in Resources */ = {isa = PBXBuildFile; fileRef = 079F0E8D238188EC000D00D6 /* iOS_Intro_D.png */; };
		079F0E94238188ED000D00D6 /* iOS_Intro_F.png in Resources */ = {isa = PBXBuildFile; fileRef = 079F0E8E238188EC000D00D6 /* iOS_Intro_F.png */; };
		079F0E95238188ED000D00D6 /* iOS_Intro_C.png in Resources */ = {isa = PBXBuildFile; fileRef = 079F0E8F238188EC000D00D6 /* iOS_Intro_C.png */; };
		079F0E96238188ED000D00D6 /* iOS_Intro_E.png in Resources */ = {isa = PBXBuildFile; fileRef = 079F0E90238188EC000D00D6 /* iOS_Intro_E.png */; };
		079F0E97238188ED000D00D6 /* iOS_Intro_B.png in Resources */ = {isa = PBXBuildFile; fileRef = 079F0E91238188ED000D00D6 /* iOS_Intro_B.png */; };
		079F0E9A23818B3C000D00D6 /* LoginViewController.m in Sources */ = {isa = PBXBuildFile; fileRef = 079F0E9923818B3C000D00D6 /* LoginViewController.m */; };
		498315B43AC630E0348A4591 /* libPods-LiquidCoreKit.a in Frameworks */ = {isa = PBXBuildFile; fileRef = FCB23A740BBD0E9FDB1BE400 /* libPods-LiquidCoreKit.a */; };
/* End PBXBuildFile section */

/* Begin PBXFileReference section */
		07142F61237EF4B3006021C3 /* SplashYDViewController.h */ = {isa = PBXFileReference; lastKnownFileType = sourcecode.c.h; path = SplashYDViewController.h; sourceTree = "<group>"; };
		07142F62237EF4B3006021C3 /* SplashYDViewController.m */ = {isa = PBXFileReference; lastKnownFileType = sourcecode.c.objc; path = SplashYDViewController.m; sourceTree = "<group>"; };
		075E9AD1237933140038E3C1 /* LiquidCoreKit.app */ = {isa = PBXFileReference; explicitFileType = wrapper.application; includeInIndex = 0; path = LiquidCoreKit.app; sourceTree = BUILT_PRODUCTS_DIR; };
		075E9AD4237933140038E3C1 /* AppDelegate.h */ = {isa = PBXFileReference; lastKnownFileType = sourcecode.c.h; path = AppDelegate.h; sourceTree = "<group>"; };
		075E9AD5237933140038E3C1 /* AppDelegate.m */ = {isa = PBXFileReference; lastKnownFileType = sourcecode.c.objc; path = AppDelegate.m; sourceTree = "<group>"; };
		075E9AE0237933140038E3C1 /* Assets.xcassets */ = {isa = PBXFileReference; lastKnownFileType = folder.assetcatalog; path = Assets.xcassets; sourceTree = "<group>"; };
		075E9AE5237933140038E3C1 /* Info.plist */ = {isa = PBXFileReference; lastKnownFileType = text.plist.xml; path = Info.plist; sourceTree = "<group>"; };
		075E9AE6237933140038E3C1 /* main.m */ = {isa = PBXFileReference; lastKnownFileType = sourcecode.c.objc; path = main.m; sourceTree = "<group>"; };
		075E9AFA23793EB00038E3C1 /* HttpUtil.h */ = {isa = PBXFileReference; lastKnownFileType = sourcecode.c.h; path = HttpUtil.h; sourceTree = "<group>"; };
		075E9AFB23793EB00038E3C1 /* HttpUtil.m */ = {isa = PBXFileReference; lastKnownFileType = sourcecode.c.objc; path = HttpUtil.m; sourceTree = "<group>"; };
		075E9AFD237940F40038E3C1 /* TLResponse.h */ = {isa = PBXFileReference; lastKnownFileType = sourcecode.c.h; path = TLResponse.h; sourceTree = "<group>"; };
		075E9AFE237940F40038E3C1 /* TLResponse.m */ = {isa = PBXFileReference; lastKnownFileType = sourcecode.c.objc; path = TLResponse.m; sourceTree = "<group>"; };
		075E9B00237941900038E3C1 /* LiquidCoreMacro.h */ = {isa = PBXFileReference; lastKnownFileType = sourcecode.c.h; path = LiquidCoreMacro.h; sourceTree = "<group>"; };
		075E9B01237946C60038E3C1 /* AppDotNetAPIClient.h */ = {isa = PBXFileReference; lastKnownFileType = sourcecode.c.h; path = AppDotNetAPIClient.h; sourceTree = "<group>"; };
		075E9B02237946C60038E3C1 /* AppDotNetAPIClient.m */ = {isa = PBXFileReference; lastKnownFileType = sourcecode.c.objc; path = AppDotNetAPIClient.m; sourceTree = "<group>"; };
		075E9B05237949540038E3C1 /* LogonManager.h */ = {isa = PBXFileReference; lastKnownFileType = sourcecode.c.h; path = LogonManager.h; sourceTree = "<group>"; };
		075E9B06237949540038E3C1 /* LogonManager.m */ = {isa = PBXFileReference; lastKnownFileType = sourcecode.c.objc; path = LogonManager.m; sourceTree = "<group>"; };
		075E9B0823794AD80038E3C1 /* TLResponseCode.h */ = {isa = PBXFileReference; lastKnownFileType = sourcecode.c.h; path = TLResponseCode.h; sourceTree = "<group>"; };
		075E9B0923794AD80038E3C1 /* TLResponseCode.m */ = {isa = PBXFileReference; lastKnownFileType = sourcecode.c.objc; path = TLResponseCode.m; sourceTree = "<group>"; };
		075E9B0C23794C3D0038E3C1 /* DateUtil.m */ = {isa = PBXFileReference; fileEncoding = 4; lastKnownFileType = sourcecode.c.objc; path = DateUtil.m; sourceTree = "<group>"; };
		075E9B0D23794C3D0038E3C1 /* DateUtil.h */ = {isa = PBXFileReference; fileEncoding = 4; lastKnownFileType = sourcecode.c.h; path = DateUtil.h; sourceTree = "<group>"; };
		075E9B1A2379D2580038E3C1 /* SplashMovieViewController.h */ = {isa = PBXFileReference; lastKnownFileType = sourcecode.c.h; path = SplashMovieViewController.h; sourceTree = "<group>"; };
		075E9B1B2379D2580038E3C1 /* SplashMovieViewController.m */ = {isa = PBXFileReference; lastKnownFileType = sourcecode.c.objc; path = SplashMovieViewController.m; sourceTree = "<group>"; };
		075E9B1E2379D2820038E3C1 /* TLBaseViewController.h */ = {isa = PBXFileReference; lastKnownFileType = sourcecode.c.h; path = TLBaseViewController.h; sourceTree = "<group>"; };
		075E9B1F2379D2820038E3C1 /* TLBaseViewController.m */ = {isa = PBXFileReference; lastKnownFileType = sourcecode.c.objc; path = TLBaseViewController.m; sourceTree = "<group>"; };
		075E9B232379D3C90038E3C1 /* UINavigationController+FDFullscreenPopGesture.h */ = {isa = PBXFileReference; fileEncoding = 4; lastKnownFileType = sourcecode.c.h; path = "UINavigationController+FDFullscreenPopGesture.h"; sourceTree = "<group>"; };
		075E9B242379D3C90038E3C1 /* UINavigationController+FDFullscreenPopGesture.m */ = {isa = PBXFileReference; fileEncoding = 4; lastKnownFileType = sourcecode.c.objc; path = "UINavigationController+FDFullscreenPopGesture.m"; sourceTree = "<group>"; };
		075E9B262379D7250038E3C1 /* PrefixHeader.pch */ = {isa = PBXFileReference; lastKnownFileType = sourcecode.c.h; path = PrefixHeader.pch; sourceTree = "<group>"; };
		075E9B272379DD2C0038E3C1 /* UIMacro.h */ = {isa = PBXFileReference; lastKnownFileType = sourcecode.c.h; path = UIMacro.h; sourceTree = "<group>"; };
		075E9B2B2379E0EF0038E3C1 /* splash_movie.mp4 */ = {isa = PBXFileReference; lastKnownFileType = file; path = splash_movie.mp4; sourceTree = "<group>"; };
		079F0E7B2381857B000D00D6 /* PixelUtil.h */ = {isa = PBXFileReference; fileEncoding = 4; lastKnownFileType = sourcecode.c.h; path = PixelUtil.h; sourceTree = "<group>"; };
		079F0E7C2381857B000D00D6 /* PixelUtil.m */ = {isa = PBXFileReference; fileEncoding = 4; lastKnownFileType = sourcecode.c.objc; path = PixelUtil.m; sourceTree = "<group>"; };
		079F0E7F23818642000D00D6 /* MBPageView.m */ = {isa = PBXFileReference; fileEncoding = 4; lastKnownFileType = sourcecode.c.objc; path = MBPageView.m; sourceTree = "<group>"; };
		079F0E8023818642000D00D6 /* MBPageView.h */ = {isa = PBXFileReference; fileEncoding = 4; lastKnownFileType = sourcecode.c.h; path = MBPageView.h; sourceTree = "<group>"; };
		079F0E84238188C1000D00D6 /* intro_backgroung@2x.png */ = {isa = PBXFileReference; lastKnownFileType = image.png; path = "intro_backgroung@2x.png"; sourceTree = "<group>"; };
		079F0E85238188C1000D00D6 /* intro_backgroung@3x.png */ = {isa = PBXFileReference; lastKnownFileType = image.png; path = "intro_backgroung@3x.png"; sourceTree = "<group>"; };
		079F0E88238188E0000D00D6 /* splash_icon@3x.png */ = {isa = PBXFileReference; lastKnownFileType = image.png; path = "splash_icon@3x.png"; sourceTree = "<group>"; };
		079F0E89238188E0000D00D6 /* splash_icon@2x.png */ = {isa = PBXFileReference; lastKnownFileType = image.png; path = "splash_icon@2x.png"; sourceTree = "<group>"; };
		079F0E8C238188EC000D00D6 /* iOS_Intro_A.png */ = {isa = PBXFileReference; lastKnownFileType = image.png; path = iOS_Intro_A.png; sourceTree = "<group>"; };
		079F0E8D238188EC000D00D6 /* iOS_Intro_D.png */ = {isa = PBXFileReference; lastKnownFileType = image.png; path = iOS_Intro_D.png; sourceTree = "<group>"; };
		079F0E8E238188EC000D00D6 /* iOS_Intro_F.png */ = {isa = PBXFileReference; lastKnownFileType = image.png; path = iOS_Intro_F.png; sourceTree = "<group>"; };
		079F0E8F238188EC000D00D6 /* iOS_Intro_C.png */ = {isa = PBXFileReference; lastKnownFileType = image.png; path = iOS_Intro_C.png; sourceTree = "<group>"; };
		079F0E90238188EC000D00D6 /* iOS_Intro_E.png */ = {isa = PBXFileReference; lastKnownFileType = image.png; path = iOS_Intro_E.png; sourceTree = "<group>"; };
		079F0E91238188ED000D00D6 /* iOS_Intro_B.png */ = {isa = PBXFileReference; lastKnownFileType = image.png; path = iOS_Intro_B.png; sourceTree = "<group>"; };
		079F0E9823818B3C000D00D6 /* LoginViewController.h */ = {isa = PBXFileReference; lastKnownFileType = sourcecode.c.h; path = LoginViewController.h; sourceTree = "<group>"; };
		079F0E9923818B3C000D00D6 /* LoginViewController.m */ = {isa = PBXFileReference; lastKnownFileType = sourcecode.c.objc; path = LoginViewController.m; sourceTree = "<group>"; };
		0FFB2BB799F483BFD20444B2 /* Pods-LiquidCoreKit.release.xcconfig */ = {isa = PBXFileReference; includeInIndex = 1; lastKnownFileType = text.xcconfig; name = "Pods-LiquidCoreKit.release.xcconfig"; path = "Target Support Files/Pods-LiquidCoreKit/Pods-LiquidCoreKit.release.xcconfig"; sourceTree = "<group>"; };
		6A92A4A97B68D78D6C588E01 /* Pods-LiquidCoreKit.debug.xcconfig */ = {isa = PBXFileReference; includeInIndex = 1; lastKnownFileType = text.xcconfig; name = "Pods-LiquidCoreKit.debug.xcconfig"; path = "Target Support Files/Pods-LiquidCoreKit/Pods-LiquidCoreKit.debug.xcconfig"; sourceTree = "<group>"; };
		FCB23A740BBD0E9FDB1BE400 /* libPods-LiquidCoreKit.a */ = {isa = PBXFileReference; explicitFileType = archive.ar; includeInIndex = 0; path = "libPods-LiquidCoreKit.a"; sourceTree = BUILT_PRODUCTS_DIR; };
/* End PBXFileReference section */

/* Begin PBXFrameworksBuildPhase section */
		075E9ACE237933140038E3C1 /* Frameworks */ = {
			isa = PBXFrameworksBuildPhase;
			buildActionMask = 2147483647;
			files = (
				498315B43AC630E0348A4591 /* libPods-LiquidCoreKit.a in Frameworks */,
			);
			runOnlyForDeploymentPostprocessing = 0;
		};
/* End PBXFrameworksBuildPhase section */

/* Begin PBXGroup section */
		075E9AC8237933140038E3C1 = {
			isa = PBXGroup;
			children = (
				075E9AD3237933140038E3C1 /* LiquidCoreKit */,
				075E9AD2237933140038E3C1 /* Products */,
				2EFD525010458B71E502BB15 /* Pods */,
				8267BFDFE62F56529539AB91 /* Frameworks */,
			);
			sourceTree = "<group>";
		};
		075E9AD2237933140038E3C1 /* Products */ = {
			isa = PBXGroup;
			children = (
				075E9AD1237933140038E3C1 /* LiquidCoreKit.app */,
			);
			name = Products;
			sourceTree = "<group>";
		};
		075E9AD3237933140038E3C1 /* LiquidCoreKit */ = {
			isa = PBXGroup;
			children = (
				075E9AD4237933140038E3C1 /* AppDelegate.h */,
				075E9AD5237933140038E3C1 /* AppDelegate.m */,
				075E9B0F23794EF50038E3C1 /* Category */,
				075E9AF6237936680038E3C1 /* Comm */,
				075E9AF5237936600038E3C1 /* Utils */,
				075E9AF4237936590038E3C1 /* Macro */,
				075E9AEF237935FC0038E3C1 /* CoreKit */,
				075E9AEE237935E90038E3C1 /* ViewControllers */,
				075E9B212379D3BA0038E3C1 /* ThridParty */,
				075E9B282379E0C40038E3C1 /* Resource */,
				075E9AED237933620038E3C1 /* Supporting Files */,
				075E9AE0237933140038E3C1 /* Assets.xcassets */,
			);
			path = LiquidCoreKit;
			sourceTree = "<group>";
		};
		075E9AED237933620038E3C1 /* Supporting Files */ = {
			isa = PBXGroup;
			children = (
				075E9AE5237933140038E3C1 /* Info.plist */,
				075E9AE6237933140038E3C1 /* main.m */,
				075E9B262379D7250038E3C1 /* PrefixHeader.pch */,
			);
			path = "Supporting Files";
			sourceTree = "<group>";
		};
		075E9AEE237935E90038E3C1 /* ViewControllers */ = {
			isa = PBXGroup;
			children = (
				075E9B182379D22F0038E3C1 /* Splash */,
				075E9AF9237936A80038E3C1 /* Mine */,
				075E9AF8237936A10038E3C1 /* Login */,
			);
			path = ViewControllers;
			sourceTree = "<group>";
		};
		075E9AEF237935FC0038E3C1 /* CoreKit */ = {
			isa = PBXGroup;
			children = (
				075E9AF2237936350038E3C1 /* Profile */,
				075E9AF1237936150038E3C1 /* Version */,
				075E9AF02379360A0038E3C1 /* Login */,
			);
			path = CoreKit;
			sourceTree = "<group>";
		};
		075E9AF02379360A0038E3C1 /* Login */ = {
			isa = PBXGroup;
			children = (
				075E9B04237949460038E3C1 /* Manager */,
			);
			path = Login;
			sourceTree = "<group>";
		};
		075E9AF1237936150038E3C1 /* Version */ = {
			isa = PBXGroup;
			children = (
			);
			path = Version;
			sourceTree = "<group>";
		};
		075E9AF2237936350038E3C1 /* Profile */ = {
			isa = PBXGroup;
			children = (
			);
			path = Profile;
			sourceTree = "<group>";
		};
		075E9AF4237936590038E3C1 /* Macro */ = {
			isa = PBXGroup;
			children = (
				075E9B00237941900038E3C1 /* LiquidCoreMacro.h */,
				075E9B272379DD2C0038E3C1 /* UIMacro.h */,
			);
			path = Macro;
			sourceTree = "<group>";
		};
		075E9AF5237936600038E3C1 /* Utils */ = {
			isa = PBXGroup;
			children = (
				079F0E7A2381854D000D00D6 /* ScreenUtil */,
				075E9B0B23794C270038E3C1 /* DateUtil */,
				075E9AF7237936700038E3C1 /* HttpUtil */,
			);
			path = Utils;
			sourceTree = "<group>";
		};
		075E9AF6237936680038E3C1 /* Comm */ = {
			isa = PBXGroup;
			children = (
				075E9B1D2379D2680038E3C1 /* UIBase */,
			);
			path = Comm;
			sourceTree = "<group>";
		};
		075E9AF7237936700038E3C1 /* HttpUtil */ = {
			isa = PBXGroup;
			children = (
				075E9AFA23793EB00038E3C1 /* HttpUtil.h */,
				075E9AFB23793EB00038E3C1 /* HttpUtil.m */,
				075E9AFD237940F40038E3C1 /* TLResponse.h */,
				075E9AFE237940F40038E3C1 /* TLResponse.m */,
				075E9B0823794AD80038E3C1 /* TLResponseCode.h */,
				075E9B0923794AD80038E3C1 /* TLResponseCode.m */,
				075E9B01237946C60038E3C1 /* AppDotNetAPIClient.h */,
				075E9B02237946C60038E3C1 /* AppDotNetAPIClient.m */,
			);
			path = HttpUtil;
			sourceTree = "<group>";
		};
		075E9AF8237936A10038E3C1 /* Login */ = {
			isa = PBXGroup;
			children = (
				079F0E9823818B3C000D00D6 /* LoginViewController.h */,
				079F0E9923818B3C000D00D6 /* LoginViewController.m */,
			);
			path = Login;
			sourceTree = "<group>";
		};
		075E9AF9237936A80038E3C1 /* Mine */ = {
			isa = PBXGroup;
			children = (
			);
			path = Mine;
			sourceTree = "<group>";
		};
		075E9B04237949460038E3C1 /* Manager */ = {
			isa = PBXGroup;
			children = (
				075E9B05237949540038E3C1 /* LogonManager.h */,
				075E9B06237949540038E3C1 /* LogonManager.m */,
			);
			path = Manager;
			sourceTree = "<group>";
		};
		075E9B0B23794C270038E3C1 /* DateUtil */ = {
			isa = PBXGroup;
			children = (
				075E9B0D23794C3D0038E3C1 /* DateUtil.h */,
				075E9B0C23794C3D0038E3C1 /* DateUtil.m */,
			);
			path = DateUtil;
			sourceTree = "<group>";
		};
		075E9B0F23794EF50038E3C1 /* Category */ = {
			isa = PBXGroup;
			children = (
			);
			path = Category;
			sourceTree = "<group>";
		};
		075E9B182379D22F0038E3C1 /* Splash */ = {
			isa = PBXGroup;
			children = (
				079F0E7E2381861F000D00D6 /* View */,
				075E9B192379D2380038E3C1 /* ViewControllers */,
			);
			path = Splash;
			sourceTree = "<group>";
		};
		075E9B192379D2380038E3C1 /* ViewControllers */ = {
			isa = PBXGroup;
			children = (
				075E9B1A2379D2580038E3C1 /* SplashMovieViewController.h */,
				075E9B1B2379D2580038E3C1 /* SplashMovieViewController.m */,
				07142F61237EF4B3006021C3 /* SplashYDViewController.h */,
				07142F62237EF4B3006021C3 /* SplashYDViewController.m */,
			);
			path = ViewControllers;
			sourceTree = "<group>";
		};
		075E9B1D2379D2680038E3C1 /* UIBase */ = {
			isa = PBXGroup;
			children = (
				075E9B1E2379D2820038E3C1 /* TLBaseViewController.h */,
				075E9B1F2379D2820038E3C1 /* TLBaseViewController.m */,
			);
			path = UIBase;
			sourceTree = "<group>";
		};
		075E9B212379D3BA0038E3C1 /* ThridParty */ = {
			isa = PBXGroup;
			children = (
				075E9B222379D3C90038E3C1 /* UINavigationController+FDFullscreenPopGesture */,
			);
			path = ThridParty;
			sourceTree = "<group>";
		};
		075E9B222379D3C90038E3C1 /* UINavigationController+FDFullscreenPopGesture */ = {
			isa = PBXGroup;
			children = (
				075E9B232379D3C90038E3C1 /* UINavigationController+FDFullscreenPopGesture.h */,
				075E9B242379D3C90038E3C1 /* UINavigationController+FDFullscreenPopGesture.m */,
			);
			path = "UINavigationController+FDFullscreenPopGesture";
			sourceTree = "<group>";
		};
		075E9B282379E0C40038E3C1 /* Resource */ = {
			isa = PBXGroup;
			children = (
				075E9B2A2379E0D50038E3C1 /* Video */,
				075E9B292379E0D10038E3C1 /* Images */,
			);
			path = Resource;
			sourceTree = "<group>";
		};
		075E9B292379E0D10038E3C1 /* Images */ = {
			isa = PBXGroup;
			children = (
				079F0E832381889F000D00D6 /* Splash */,
			);
			path = Images;
			sourceTree = "<group>";
		};
		075E9B2A2379E0D50038E3C1 /* Video */ = {
			isa = PBXGroup;
			children = (
				075E9B2B2379E0EF0038E3C1 /* splash_movie.mp4 */,
			);
			path = Video;
			sourceTree = "<group>";
		};
		079F0E7A2381854D000D00D6 /* ScreenUtil */ = {
			isa = PBXGroup;
			children = (
				079F0E7B2381857B000D00D6 /* PixelUtil.h */,
				079F0E7C2381857B000D00D6 /* PixelUtil.m */,
			);
			path = ScreenUtil;
			sourceTree = "<group>";
		};
		079F0E7E2381861F000D00D6 /* View */ = {
			isa = PBXGroup;
			children = (
				079F0E8023818642000D00D6 /* MBPageView.h */,
				079F0E7F23818642000D00D6 /* MBPageView.m */,
			);
			path = View;
			sourceTree = "<group>";
		};
		079F0E832381889F000D00D6 /* Splash */ = {
			isa = PBXGroup;
			children = (
				079F0E8C238188EC000D00D6 /* iOS_Intro_A.png */,
				079F0E91238188ED000D00D6 /* iOS_Intro_B.png */,
				079F0E8F238188EC000D00D6 /* iOS_Intro_C.png */,
				079F0E8D238188EC000D00D6 /* iOS_Intro_D.png */,
				079F0E90238188EC000D00D6 /* iOS_Intro_E.png */,
				079F0E8E238188EC000D00D6 /* iOS_Intro_F.png */,
				079F0E89238188E0000D00D6 /* splash_icon@2x.png */,
				079F0E88238188E0000D00D6 /* splash_icon@3x.png */,
				079F0E84238188C1000D00D6 /* intro_backgroung@2x.png */,
				079F0E85238188C1000D00D6 /* intro_backgroung@3x.png */,
			);
			path = Splash;
			sourceTree = "<group>";
		};
		2EFD525010458B71E502BB15 /* Pods */ = {
			isa = PBXGroup;
			children = (
				6A92A4A97B68D78D6C588E01 /* Pods-LiquidCoreKit.debug.xcconfig */,
				0FFB2BB799F483BFD20444B2 /* Pods-LiquidCoreKit.release.xcconfig */,
			);
			path = Pods;
			sourceTree = "<group>";
		};
		8267BFDFE62F56529539AB91 /* Frameworks */ = {
			isa = PBXGroup;
			children = (
				FCB23A740BBD0E9FDB1BE400 /* libPods-LiquidCoreKit.a */,
			);
			name = Frameworks;
			sourceTree = "<group>";
		};
/* End PBXGroup section */

/* Begin PBXNativeTarget section */
		075E9AD0237933140038E3C1 /* LiquidCoreKit */ = {
			isa = PBXNativeTarget;
			buildConfigurationList = 075E9AEA237933140038E3C1 /* Build configuration list for PBXNativeTarget "LiquidCoreKit" */;
			buildPhases = (
				64C6E5437596C7F61A8B210B /* [CP] Check Pods Manifest.lock */,
				075E9ACD237933140038E3C1 /* Sources */,
				075E9ACE237933140038E3C1 /* Frameworks */,
				075E9ACF237933140038E3C1 /* Resources */,
				E0E579593CA82E3389A3BC23 /* [CP] Copy Pods Resources */,
			);
			buildRules = (
			);
			dependencies = (
			);
			name = LiquidCoreKit;
			productName = LiquidCoreKit;
			productReference = 075E9AD1237933140038E3C1 /* LiquidCoreKit.app */;
			productType = "com.apple.product-type.application";
		};
/* End PBXNativeTarget section */

/* Begin PBXProject section */
		075E9AC9237933140038E3C1 /* Project object */ = {
			isa = PBXProject;
			attributes = {
				LastUpgradeCheck = 1120;
				ORGANIZATIONNAME = Eric;
				TargetAttributes = {
					075E9AD0237933140038E3C1 = {
						CreatedOnToolsVersion = 11.2;
					};
				};
			};
			buildConfigurationList = 075E9ACC237933140038E3C1 /* Build configuration list for PBXProject "LiquidCoreKit" */;
			compatibilityVersion = "Xcode 9.3";
			developmentRegion = en;
			hasScannedForEncodings = 0;
			knownRegions = (
				en,
				Base,
			);
			mainGroup = 075E9AC8237933140038E3C1;
			productRefGroup = 075E9AD2237933140038E3C1 /* Products */;
			projectDirPath = "";
			projectRoot = "";
			targets = (
				075E9AD0237933140038E3C1 /* LiquidCoreKit */,
			);
		};
/* End PBXProject section */

/* Begin PBXResourcesBuildPhase section */
		075E9ACF237933140038E3C1 /* Resources */ = {
			isa = PBXResourcesBuildPhase;
			buildActionMask = 2147483647;
			files = (
				075E9AE1237933140038E3C1 /* Assets.xcassets in Resources */,
				079F0E96238188ED000D00D6 /* iOS_Intro_E.png in Resources */,
				079F0E92238188ED000D00D6 /* iOS_Intro_A.png in Resources */,
				079F0E95238188ED000D00D6 /* iOS_Intro_C.png in Resources */,
				079F0E86238188C1000D00D6 /* intro_backgroung@2x.png in Resources */,
				079F0E97238188ED000D00D6 /* iOS_Intro_B.png in Resources */,
				079F0E93238188ED000D00D6 /* iOS_Intro_D.png in Resources */,
				079F0E8A238188E0000D00D6 /* splash_icon@3x.png in Resources */,
				075E9B2C2379E0EF0038E3C1 /* splash_movie.mp4 in Resources */,
				079F0E8B238188E0000D00D6 /* splash_icon@2x.png in Resources */,
				079F0E87238188C1000D00D6 /* intro_backgroung@3x.png in Resources */,
				079F0E94238188ED000D00D6 /* iOS_Intro_F.png in Resources */,
			);
			runOnlyForDeploymentPostprocessing = 0;
		};
/* End PBXResourcesBuildPhase section */

/* Begin PBXShellScriptBuildPhase section */
		64C6E5437596C7F61A8B210B /* [CP] Check Pods Manifest.lock */ = {
			isa = PBXShellScriptBuildPhase;
			buildActionMask = 2147483647;
			files = (
			);
			inputFileListPaths = (
			);
			inputPaths = (
				"${PODS_PODFILE_DIR_PATH}/Podfile.lock",
				"${PODS_ROOT}/Manifest.lock",
			);
			name = "[CP] Check Pods Manifest.lock";
			outputFileListPaths = (
			);
			outputPaths = (
				"$(DERIVED_FILE_DIR)/Pods-LiquidCoreKit-checkManifestLockResult.txt",
			);
			runOnlyForDeploymentPostprocessing = 0;
			shellPath = /bin/sh;
			shellScript = "diff \"${PODS_PODFILE_DIR_PATH}/Podfile.lock\" \"${PODS_ROOT}/Manifest.lock\" > /dev/null\nif [ $? != 0 ] ; then\n    # print error to STDERR\n    echo \"error: The sandbox is not in sync with the Podfile.lock. Run 'pod install' or update your CocoaPods installation.\" >&2\n    exit 1\nfi\n# This output is used by Xcode 'outputs' to avoid re-running this script phase.\necho \"SUCCESS\" > \"${SCRIPT_OUTPUT_FILE_0}\"\n";
			showEnvVarsInLog = 0;
		};
		E0E579593CA82E3389A3BC23 /* [CP] Copy Pods Resources */ = {
			isa = PBXShellScriptBuildPhase;
			buildActionMask = 2147483647;
			files = (
			);
			inputFileListPaths = (
				"${PODS_ROOT}/Target Support Files/Pods-LiquidCoreKit/Pods-LiquidCoreKit-resources-${CONFIGURATION}-input-files.xcfilelist",
			);
			name = "[CP] Copy Pods Resources";
			outputFileListPaths = (
				"${PODS_ROOT}/Target Support Files/Pods-LiquidCoreKit/Pods-LiquidCoreKit-resources-${CONFIGURATION}-output-files.xcfilelist",
			);
			runOnlyForDeploymentPostprocessing = 0;
			shellPath = /bin/sh;
			shellScript = "\"${PODS_ROOT}/Target Support Files/Pods-LiquidCoreKit/Pods-LiquidCoreKit-resources.sh\"\n";
			showEnvVarsInLog = 0;
		};
/* End PBXShellScriptBuildPhase section */

/* Begin PBXSourcesBuildPhase section */
		075E9ACD237933140038E3C1 /* Sources */ = {
			isa = PBXSourcesBuildPhase;
			buildActionMask = 2147483647;
			files = (
				075E9B1C2379D2580038E3C1 /* SplashMovieViewController.m in Sources */,
				075E9B07237949540038E3C1 /* LogonManager.m in Sources */,
				07142F63237EF4B3006021C3 /* SplashYDViewController.m in Sources */,
				075E9B03237946C60038E3C1 /* AppDotNetAPIClient.m in Sources */,
				075E9AD6237933140038E3C1 /* AppDelegate.m in Sources */,
				075E9B202379D2820038E3C1 /* TLBaseViewController.m in Sources */,
				079F0E7D2381857B000D00D6 /* PixelUtil.m in Sources */,
				075E9B252379D3C90038E3C1 /* UINavigationController+FDFullscreenPopGesture.m in Sources */,
				075E9AFF237940F40038E3C1 /* TLResponse.m in Sources */,
				075E9B0A23794AD80038E3C1 /* TLResponseCode.m in Sources */,
				075E9B0E23794C3D0038E3C1 /* DateUtil.m in Sources */,
				075E9AE7237933140038E3C1 /* main.m in Sources */,
				079F0E8123818642000D00D6 /* MBPageView.m in Sources */,
				075E9AFC23793EB00038E3C1 /* HttpUtil.m in Sources */,
				079F0E9A23818B3C000D00D6 /* LoginViewController.m in Sources */,
			);
			runOnlyForDeploymentPostprocessing = 0;
		};
/* End PBXSourcesBuildPhase section */

/* Begin XCBuildConfiguration section */
		075E9AE8237933140038E3C1 /* Debug */ = {
			isa = XCBuildConfiguration;
			buildSettings = {
				ALWAYS_SEARCH_USER_PATHS = NO;
				CLANG_ANALYZER_NONNULL = YES;
				CLANG_ANALYZER_NUMBER_OBJECT_CONVERSION = YES_AGGRESSIVE;
				CLANG_CXX_LANGUAGE_STANDARD = "gnu++14";
				CLANG_CXX_LIBRARY = "libc++";
				CLANG_ENABLE_MODULES = YES;
				CLANG_ENABLE_OBJC_ARC = YES;
				CLANG_ENABLE_OBJC_WEAK = YES;
				CLANG_WARN_BLOCK_CAPTURE_AUTORELEASING = YES;
				CLANG_WARN_BOOL_CONVERSION = YES;
				CLANG_WARN_COMMA = YES;
				CLANG_WARN_CONSTANT_CONVERSION = YES;
				CLANG_WARN_DEPRECATED_OBJC_IMPLEMENTATIONS = YES;
				CLANG_WARN_DIRECT_OBJC_ISA_USAGE = YES_ERROR;
				CLANG_WARN_DOCUMENTATION_COMMENTS = YES;
				CLANG_WARN_EMPTY_BODY = YES;
				CLANG_WARN_ENUM_CONVERSION = YES;
				CLANG_WARN_INFINITE_RECURSION = YES;
				CLANG_WARN_INT_CONVERSION = YES;
				CLANG_WARN_NON_LITERAL_NULL_CONVERSION = YES;
				CLANG_WARN_OBJC_IMPLICIT_RETAIN_SELF = YES;
				CLANG_WARN_OBJC_LITERAL_CONVERSION = YES;
				CLANG_WARN_OBJC_ROOT_CLASS = YES_ERROR;
				CLANG_WARN_RANGE_LOOP_ANALYSIS = YES;
				CLANG_WARN_STRICT_PROTOTYPES = YES;
				CLANG_WARN_SUSPICIOUS_MOVE = YES;
				CLANG_WARN_UNGUARDED_AVAILABILITY = YES_AGGRESSIVE;
				CLANG_WARN_UNREACHABLE_CODE = YES;
				CLANG_WARN__DUPLICATE_METHOD_MATCH = YES;
				COPY_PHASE_STRIP = NO;
				DEBUG_INFORMATION_FORMAT = dwarf;
				ENABLE_STRICT_OBJC_MSGSEND = YES;
				ENABLE_TESTABILITY = YES;
				GCC_C_LANGUAGE_STANDARD = gnu11;
				GCC_DYNAMIC_NO_PIC = NO;
				GCC_NO_COMMON_BLOCKS = YES;
				GCC_OPTIMIZATION_LEVEL = 0;
				GCC_PREPROCESSOR_DEFINITIONS = (
					"DEBUG=1",
					"$(inherited)",
				);
				GCC_WARN_64_TO_32_BIT_CONVERSION = YES;
				GCC_WARN_ABOUT_RETURN_TYPE = YES_ERROR;
				GCC_WARN_UNDECLARED_SELECTOR = YES;
				GCC_WARN_UNINITIALIZED_AUTOS = YES_AGGRESSIVE;
				GCC_WARN_UNUSED_FUNCTION = YES;
				GCC_WARN_UNUSED_VARIABLE = YES;
				IPHONEOS_DEPLOYMENT_TARGET = 9.0;
				MTL_ENABLE_DEBUG_INFO = INCLUDE_SOURCE;
				MTL_FAST_MATH = YES;
				ONLY_ACTIVE_ARCH = YES;
				SDKROOT = iphoneos;
			};
			name = Debug;
		};
		075E9AE9237933140038E3C1 /* Release */ = {
			isa = XCBuildConfiguration;
			buildSettings = {
				ALWAYS_SEARCH_USER_PATHS = NO;
				CLANG_ANALYZER_NONNULL = YES;
				CLANG_ANALYZER_NUMBER_OBJECT_CONVERSION = YES_AGGRESSIVE;
				CLANG_CXX_LANGUAGE_STANDARD = "gnu++14";
				CLANG_CXX_LIBRARY = "libc++";
				CLANG_ENABLE_MODULES = YES;
				CLANG_ENABLE_OBJC_ARC = YES;
				CLANG_ENABLE_OBJC_WEAK = YES;
				CLANG_WARN_BLOCK_CAPTURE_AUTORELEASING = YES;
				CLANG_WARN_BOOL_CONVERSION = YES;
				CLANG_WARN_COMMA = YES;
				CLANG_WARN_CONSTANT_CONVERSION = YES;
				CLANG_WARN_DEPRECATED_OBJC_IMPLEMENTATIONS = YES;
				CLANG_WARN_DIRECT_OBJC_ISA_USAGE = YES_ERROR;
				CLANG_WARN_DOCUMENTATION_COMMENTS = YES;
				CLANG_WARN_EMPTY_BODY = YES;
				CLANG_WARN_ENUM_CONVERSION = YES;
				CLANG_WARN_INFINITE_RECURSION = YES;
				CLANG_WARN_INT_CONVERSION = YES;
				CLANG_WARN_NON_LITERAL_NULL_CONVERSION = YES;
				CLANG_WARN_OBJC_IMPLICIT_RETAIN_SELF = YES;
				CLANG_WARN_OBJC_LITERAL_CONVERSION = YES;
				CLANG_WARN_OBJC_ROOT_CLASS = YES_ERROR;
				CLANG_WARN_RANGE_LOOP_ANALYSIS = YES;
				CLANG_WARN_STRICT_PROTOTYPES = YES;
				CLANG_WARN_SUSPICIOUS_MOVE = YES;
				CLANG_WARN_UNGUARDED_AVAILABILITY = YES_AGGRESSIVE;
				CLANG_WARN_UNREACHABLE_CODE = YES;
				CLANG_WARN__DUPLICATE_METHOD_MATCH = YES;
				COPY_PHASE_STRIP = NO;
				DEBUG_INFORMATION_FORMAT = "dwarf-with-dsym";
				ENABLE_NS_ASSERTIONS = NO;
				ENABLE_STRICT_OBJC_MSGSEND = YES;
				GCC_C_LANGUAGE_STANDARD = gnu11;
				GCC_NO_COMMON_BLOCKS = YES;
				GCC_WARN_64_TO_32_BIT_CONVERSION = YES;
				GCC_WARN_ABOUT_RETURN_TYPE = YES_ERROR;
				GCC_WARN_UNDECLARED_SELECTOR = YES;
				GCC_WARN_UNINITIALIZED_AUTOS = YES_AGGRESSIVE;
				GCC_WARN_UNUSED_FUNCTION = YES;
				GCC_WARN_UNUSED_VARIABLE = YES;
				IPHONEOS_DEPLOYMENT_TARGET = 9.0;
				MTL_ENABLE_DEBUG_INFO = NO;
				MTL_FAST_MATH = YES;
				SDKROOT = iphoneos;
				VALIDATE_PRODUCT = YES;
			};
			name = Release;
		};
		075E9AEB237933140038E3C1 /* Debug */ = {
			isa = XCBuildConfiguration;
			baseConfigurationReference = 6A92A4A97B68D78D6C588E01 /* Pods-LiquidCoreKit.debug.xcconfig */;
			buildSettings = {
				ASSETCATALOG_COMPILER_APPICON_NAME = AppIcon;
				CODE_SIGN_STYLE = Automatic;
				CURRENT_PROJECT_VERSION = 19111101;
				GCC_PREFIX_HEADER = "${SRCROOT}/LiquidCoreKit/Supporting Files/PrefixHeader.pch";
				INFOPLIST_FILE = "$(SRCROOT)/LiquidCoreKit/Supporting Files/Info.plist";
				LD_RUNPATH_SEARCH_PATHS = (
					"$(inherited)",
					"@executable_path/Frameworks",
				);
				MARKETING_VERSION = 1.0.0;
				PRODUCT_BUNDLE_IDENTIFIER = "-.LiquidCoreKit";
				PRODUCT_NAME = "$(TARGET_NAME)";
				TARGETED_DEVICE_FAMILY = 1;
			};
			name = Debug;
		};
		075E9AEC237933140038E3C1 /* Release */ = {
			isa = XCBuildConfiguration;
			baseConfigurationReference = 0FFB2BB799F483BFD20444B2 /* Pods-LiquidCoreKit.release.xcconfig */;
			buildSettings = {
				ASSETCATALOG_COMPILER_APPICON_NAME = AppIcon;
				CODE_SIGN_STYLE = Automatic;
				CURRENT_PROJECT_VERSION = 19111101;
				GCC_PREFIX_HEADER = "${SRCROOT}/LiquidCoreKit/Supporting Files/PrefixHeader.pch";
				INFOPLIST_FILE = "$(SRCROOT)/LiquidCoreKit/Supporting Files/Info.plist";
				LD_RUNPATH_SEARCH_PATHS = (
					"$(inherited)",
					"@executable_path/Frameworks",
				);
				MARKETING_VERSION = 1.0.0;
				PRODUCT_BUNDLE_IDENTIFIER = "-.LiquidCoreKit";
				PRODUCT_NAME = "$(TARGET_NAME)";
				TARGETED_DEVICE_FAMILY = 1;
			};
			name = Release;
		};
/* End XCBuildConfiguration section */

/* Begin XCConfigurationList section */
		075E9ACC237933140038E3C1 /* Build configuration list for PBXProject "LiquidCoreKit" */ = {
			isa = XCConfigurationList;
			buildConfigurations = (
				075E9AE8237933140038E3C1 /* Debug */,
				075E9AE9237933140038E3C1 /* Release */,
			);
			defaultConfigurationIsVisible = 0;
			defaultConfigurationName = Release;
		};
		075E9AEA237933140038E3C1 /* Build configuration list for PBXNativeTarget "LiquidCoreKit" */ = {
			isa = XCConfigurationList;
			buildConfigurations = (
				075E9AEB237933140038E3C1 /* Debug */,
				075E9AEC237933140038E3C1 /* Release */,
			);
			defaultConfigurationIsVisible = 0;
			defaultConfigurationName = Release;
		};
/* End XCConfigurationList section */
	};
	rootObject = 075E9AC9237933140038E3C1 /* Project object */;
}
