PODS:
  - AFNetworking (3.2.1):
    - AFNetworking/NSURLSession (= 3.2.1)
    - AFNetworking/Reachability (= 3.2.1)
    - AFNetworking/Security (= 3.2.1)
    - AFNetworking/Serialization (= 3.2.1)
    - AFNetworking/UIKit (= 3.2.1)
  - AFNetworking/NSURLSession (3.2.1):
    - AFNetworking/Reachability
    - AFNetworking/Security
    - AFNetworking/Serialization
  - AFNetworking/Reachability (3.2.1)
  - AFNetworking/Security (3.2.1)
  - AFNetworking/Serialization (3.2.1)
  - AFNetworking/UIKit (3.2.1):
    - AFNetworking/NSURLSession
  - BGFMDB (2.0.13):
    - BGFMDB/BG (= 2.0.13)
    - BGFMDB/FMDB (= 2.0.13)
  - BGFMDB/BG (2.0.13):
    - BGFMDB/FMDB
  - BGFMDB/FMDB (2.0.13)
  - CocoaLumberjack (3.6.0):
    - CocoaLumberjack/Core (= 3.6.0)
  - CocoaLumberjack/Core (3.6.0)
  - IQKeyboardManager (6.5.3)
  - LiquidBaseKit (0.0.6):
    - AFNetworking (~> 3.2.1)
    - BGFMDB
    - LiquidBaseKit/Cache (= 0.0.6)
    - LiquidBaseKit/DB (= 0.0.6)
    - LiquidBaseKit/Networking (= 0.0.6)
    - LiquidBaseKit/RSA (= 0.0.6)
    - LiquidBaseKit/Util (= 0.0.6)
    - OpenSSL-for-iOS (~> 1.0.2.d.1)
    - ReactiveObjC (~> 3.1.0)
    - YYKit
  - LiquidBaseKit/Cache (0.0.6):
    - AFNetworking (~> 3.2.1)
    - BGFMDB
    - OpenSSL-for-iOS (~> 1.0.2.d.1)
    - ReactiveObjC (~> 3.1.0)
    - YYKit
  - LiquidBaseKit/DB (0.0.6):
    - AFNetworking (~> 3.2.1)
    - BGFMDB
    - OpenSSL-for-iOS (~> 1.0.2.d.1)
    - ReactiveObjC (~> 3.1.0)
    - YYKit
  - LiquidBaseKit/Networking (0.0.6):
    - AFNetworking (~> 3.2.1)
    - BGFMDB
    - OpenSSL-for-iOS (~> 1.0.2.d.1)
    - ReactiveObjC (~> 3.1.0)
    - YYKit
  - LiquidBaseKit/RSA (0.0.6):
    - AFNetworking (~> 3.2.1)
    - BGFMDB
    - OpenSSL-for-iOS (~> 1.0.2.d.1)
    - ReactiveObjC (~> 3.1.0)
    - YYKit
  - LiquidBaseKit/Util (0.0.6):
    - AFNetworking (~> 3.2.1)
    - BGFMDB
    - OpenSSL-for-iOS (~> 1.0.2.d.1)
    - ReactiveObjC (~> 3.1.0)
    - YYKit
  - Masonry (1.1.0)
  - OpenSSL-for-iOS (1.0.2.d.1)
  - ReactiveObjC (3.1.1)
  - YYKit (1.0.9):
    - YYKit/no-arc (= 1.0.9)
  - YYKit/no-arc (1.0.9)

DEPENDENCIES:
  - CocoaLumberjack
  - IQKeyboardManager
  - LiquidBaseKit
  - Masonry

SPEC REPOS:
  https://github.com/CocoaPods/Specs.git:
    - AFNetworking
    - BGFMDB
    - CocoaLumberjack
    - IQKeyboardManager
    - Masonry
    - OpenSSL-for-iOS
    - ReactiveObjC
    - YYKit
  https://github.com/TeamLiquid2019/LiquidClientSpecs.git:
    - LiquidBaseKit

SPEC CHECKSUMS:
  AFNetworking: b6f891fdfaed196b46c7a83cf209e09697b94057
  BGFMDB: 48e6823027232402a678acc7f71484b1fc9171d0
  CocoaLumberjack: 78b0c238666f4f58db069738ec176f4519557516
  IQKeyboardManager: c2f901164d56807a35788483584d09fa69192e8e
  LiquidBaseKit: a962a22c6fd1c69eb22c98b8e03cc6324986e813
  Masonry: 678fab65091a9290e40e2832a55e7ab731aad201
  OpenSSL-for-iOS: d7a30add88a1969b052135adbe48452af231ed32
  ReactiveObjC: 011caa393aa0383245f2dcf9bf02e86b80b36040
  YYKit: 7cda43304a8dc3696c449041e2cb3107b4e236e7

PODFILE CHECKSUM: a82e1a592cd4143ea24f07a989b241e38cd80ac9

COCOAPODS: 1.8.4
